
Microsoft Visual Studio Solution File, Format Version 12.00
# Visual Studio Version 16
VisualStudioVersion = 16.0.34031.81
MinimumVisualStudioVersion = 10.0.40219.1
Project("{2150E333-8FDC-42A3-9474-1A3956D46DE8}") = "Task0", "Task0", "{1E29E3F1-2464-486D-BF61-7345DE025DA8}"
EndProject
Project("{FAE04EC0-301F-11D3-BF4B-00C04F79EFBC}") = "Tyuiu.PaulikKV.Sprint3.Task0.V12.Test", "Tyuiu.PaulikKV.Sprint3.Task0.V12.Test\Tyuiu.PaulikKV.Sprint3.Task0.V12.Test.csproj", "{D0CCCFB7-5167-4FF7-AD77-CC89CA02AAF8}"
EndProject
Project("{FAE04EC0-301F-11D3-BF4B-00C04F79EFBC}") = "Tyuiu.PaulikKV.Sprint3.Task0.V12", "Tyuiu.PaulikKV.Sprint3.Task0.V12\Tyuiu.PaulikKV.Sprint3.Task0.V12.csproj", "{9A17F1EB-B92B-4634-A353-890EB71C7A41}"
EndProject
Project("{FAE04EC0-301F-11D3-BF4B-00C04F79EFBC}") = "Tyuiu.PaulikKV.Sprint3.Task0.V12.Lib", "Tyuiu.PaulikKV.Sprint3.Task0.V12.Lib\Tyuiu.PaulikKV.Sprint3.Task0.V12.Lib.csproj", "{3274E6C1-7F90-44F1-90BD-123A6F2F9B4D}"
EndProject
Project("{2150E333-8FDC-42A3-9474-1A3956D46DE8}") = "Task1", "Task1", "{09C3EEE1-BA2C-4775-88CD-936EE0C23964}"
EndProject
Project("{FAE04EC0-301F-11D3-BF4B-00C04F79EFBC}") = "Tyuiu.PaulikKV.Sprint3.Task1.V25", "Tyuiu.PaulikKV.Sprint3.Task1.V25\Tyuiu.PaulikKV.Sprint3.Task1.V25.csproj", "{8724C4B7-85A2-4149-AFE6-91CC95F28898}"
EndProject
Project("{FAE04EC0-301F-11D3-BF4B-00C04F79EFBC}") = "Tyuiu.PaulikKV.Sprint3.Task1.V25.Lib", "Tyuiu.PaulikKV.Sprint3.Task1.V25.Lib\Tyuiu.PaulikKV.Sprint3.Task1.V25.Lib.csproj", "{225E636F-CDD9-4C9C-B195-D7A0D9A62AE1}"
EndProject
Project("{FAE04EC0-301F-11D3-BF4B-00C04F79EFBC}") = "Tyuiu.PaulikKV.Sprint3.Task1.V25.Test", "Tyuiu.PaulikKV.Sprint3.Task1.V25.Test\Tyuiu.PaulikKV.Sprint3.Task1.V25.Test.csproj", "{6324E263-7A4A-43BF-93A3-906F6A787F17}"
EndProject
Project("{2150E333-8FDC-42A3-9474-1A3956D46DE8}") = "Task2", "Task2", "{B3FAECBE-0BAE-4375-9AA5-1400BB964647}"
EndProject
Project("{FAE04EC0-301F-11D3-BF4B-00C04F79EFBC}") = "Tyuiu.PaulikKV.Sprint3.Task2.V30.Test", "Tyuiu.PaulikKV.Sprint3.Task2.V30.Test\Tyuiu.PaulikKV.Sprint3.Task2.V30.Test.csproj", "{FDA51F22-480A-45B9-AEFB-47D995719F47}"
EndProject
Project("{FAE04EC0-301F-11D3-BF4B-00C04F79EFBC}") = "Tyuiu.PaulikKV.Sprint3.Task2.V30", "Tyuiu.PaulikKV.Sprint3.Task2.V30\Tyuiu.PaulikKV.Sprint3.Task2.V30.csproj", "{5AC8C1B4-9716-4019-96A2-F0DF979ED371}"
EndProject
Project("{FAE04EC0-301F-11D3-BF4B-00C04F79EFBC}") = "Tyuiu.PaulikKV.Sprint3.Task2.V30.Lib", "Tyuiu.PaulikKV.Sprint3.Task2.V30.Lib\Tyuiu.PaulikKV.Sprint3.Task2.V30.Lib.csproj", "{C34152A9-CC1C-495E-9D25-78564AAA32DD}"
EndProject
Project("{2150E333-8FDC-42A3-9474-1A3956D46DE8}") = "Task3", "Task3", "{C41BAE82-CA53-4D0A-92B9-529A1F5048FA}"
EndProject
Project("{FAE04EC0-301F-11D3-BF4B-00C04F79EFBC}") = "Tyuiu.PaulikKV.Sprint3.Task3.V30.Lib", "Tyuiu.PaulikKV.Sprint3.Task3.V30.Lib\Tyuiu.PaulikKV.Sprint3.Task3.V30.Lib.csproj", "{E36FC6DF-57AD-44C6-9805-A48EC2317BC5}"
EndProject
Project("{FAE04EC0-301F-11D3-BF4B-00C04F79EFBC}") = "Tyuiu.PaulikKV.Sprint3.Task3.V30", "Tyuiu.PaulikKV.Sprint3.Task3.V30\Tyuiu.PaulikKV.Sprint3.Task3.V30.csproj", "{EF4C7E8E-1C61-46EE-9776-45DA235407F8}"
EndProject
Project("{FAE04EC0-301F-11D3-BF4B-00C04F79EFBC}") = "Tyuiu.PaulikKV.Sprint3.Task3.V30.Test", "Tyuiu.PaulikKV.Sprint3.Task3.V30.Test\Tyuiu.PaulikKV.Sprint3.Task3.V30.Test.csproj", "{AFE9CC65-32D0-4808-A3A5-2ED626B3417C}"
EndProject
Project("{2150E333-8FDC-42A3-9474-1A3956D46DE8}") = "Task4", "Task4", "{2B7A7B6A-3E02-4D7F-876F-270031450A70}"
EndProject
Project("{FAE04EC0-301F-11D3-BF4B-00C04F79EFBC}") = "Tyuiu.PaulikKV.Sprint3.Task4.V29.Test", "Tyuiu.PaulikKV.Sprint3.Task4.V29.Test\Tyuiu.PaulikKV.Sprint3.Task4.V29.Test.csproj", "{719D6719-41AF-49AD-9045-41DDDD67FDF2}"
EndProject
Project("{FAE04EC0-301F-11D3-BF4B-00C04F79EFBC}") = "Tyuiu.PaulikKV.Sprint3.Task4.V29", "Tyuiu.PaulikKV.Sprint3.Task4.V29\Tyuiu.PaulikKV.Sprint3.Task4.V29.csproj", "{62C435B8-0395-4A69-BEA0-119C629E609B}"
EndProject
Project("{FAE04EC0-301F-11D3-BF4B-00C04F79EFBC}") = "Tyuiu.PaulikKV.Sprint3.Task4.V29.Lib", "Tyuiu.PaulikKV.Sprint3.Task4.V29.Lib\Tyuiu.PaulikKV.Sprint3.Task4.V29.Lib.csproj", "{6A73C851-FA44-42A4-9E59-EF33B9B500B0}"
EndProject
Project("{2150E333-8FDC-42A3-9474-1A3956D46DE8}") = "Task5", "Task5", "{40B6456C-97D4-4B71-BA31-0E38127BA482}"
EndProject
Project("{FAE04EC0-301F-11D3-BF4B-00C04F79EFBC}") = "Tyuiu.PaulikKV.Sprint3.Task5.V3.Lib", "Tyuiu.PaulikKV.Sprint3.Task5.V3.Lib\Tyuiu.PaulikKV.Sprint3.Task5.V3.Lib.csproj", "{8F3814C6-CF28-4B31-8881-D35DCEA30469}"
EndProject
Project("{FAE04EC0-301F-11D3-BF4B-00C04F79EFBC}") = "Tyuiu.PaulikKV.Sprint3.Task5.V3", "Tyuiu.PaulikKV.Sprint3.Task5.V3\Tyuiu.PaulikKV.Sprint3.Task5.V3.csproj", "{26D567A5-82B3-4B8F-81F2-58C0B963894B}"
EndProject
Project("{FAE04EC0-301F-11D3-BF4B-00C04F79EFBC}") = "Tyuiu.PaulikKV.Sprint3.Task5.V3.Test", "Tyuiu.PaulikKV.Sprint3.Task5.V3.Test\Tyuiu.PaulikKV.Sprint3.Task5.V3.Test.csproj", "{A46D759F-8BAC-4A43-AE81-5D1CFD100231}"
EndProject
Project("{2150E333-8FDC-42A3-9474-1A3956D46DE8}") = "Task6", "Task6", "{424512ED-181B-4ECE-9B6C-F8A07C64D008}"
EndProject
Project("{FAE04EC0-301F-11D3-BF4B-00C04F79EFBC}") = "Tyuiu.PaulikKV.Sprint3.Task6.V18.Test", "Tyuiu.PaulikKV.Sprint3.Task6.V18.Test\Tyuiu.PaulikKV.Sprint3.Task6.V18.Test.csproj", "{AD85886F-A2F7-41BF-A2AA-57D60C57DF5B}"
EndProject
Project("{FAE04EC0-301F-11D3-BF4B-00C04F79EFBC}") = "Tyuiu.PaulikKV.Sprint3.Task6.V18", "Tyuiu.PaulikKV.Sprint3.Task6.V18\Tyuiu.PaulikKV.Sprint3.Task6.V18.csproj", "{9DF930E4-3CB3-4A6B-9BE0-0690B287F79F}"
EndProject
Project("{FAE04EC0-301F-11D3-BF4B-00C04F79EFBC}") = "Tyuiu.PaulikKV.Sprint3.Task6.V18.Lib", "Tyuiu.PaulikKV.Sprint3.Task6.V18.Lib\Tyuiu.PaulikKV.Sprint3.Task6.V18.Lib.csproj", "{825D4416-B72C-4889-A762-66B7C51BAF09}"
EndProject
Project("{2150E333-8FDC-42A3-9474-1A3956D46DE8}") = "Task7", "Task7", "{B9E784E0-570B-452D-923C-9FA95692DBA1}"
EndProject
Project("{FAE04EC0-301F-11D3-BF4B-00C04F79EFBC}") = "Tyuiu.PaulikKV.Sprint3.Task7.V17.Lib", "Tyuiu.PaulikKV.Sprint3.Task7.V17.Lib\Tyuiu.PaulikKV.Sprint3.Task7.V17.Lib.csproj", "{6DBBED68-C9F4-4574-8F0B-BD3A0298AD67}"
EndProject
Project("{FAE04EC0-301F-11D3-BF4B-00C04F79EFBC}") = "Tyuiu.PaulikKV.Sprint3.Task7.V17", "Tyuiu.PaulikKV.Sprint3.Task7.V17\Tyuiu.PaulikKV.Sprint3.Task7.V17.csproj", "{E86A340E-C644-4C9D-BA36-3C75C8AC1478}"
EndProject
Project("{FAE04EC0-301F-11D3-BF4B-00C04F79EFBC}") = "Tyuiu.PaulikKV.Sprint3.Task7.V17.Test", "Tyuiu.PaulikKV.Sprint3.Task7.V17.Test\Tyuiu.PaulikKV.Sprint3.Task7.V17.Test.csproj", "{DD08786B-4269-423B-9BB9-5EFCA19E1B26}"
EndProject
Global
	GlobalSection(SolutionConfigurationPlatforms) = preSolution
		Debug|Any CPU = Debug|Any CPU
		Release|Any CPU = Release|Any CPU
	EndGlobalSection
	GlobalSection(ProjectConfigurationPlatforms) = postSolution
		{D0CCCFB7-5167-4FF7-AD77-CC89CA02AAF8}.Debug|Any CPU.ActiveCfg = Debug|Any CPU
		{D0CCCFB7-5167-4FF7-AD77-CC89CA02AAF8}.Debug|Any CPU.Build.0 = Debug|Any CPU
		{D0CCCFB7-5167-4FF7-AD77-CC89CA02AAF8}.Release|Any CPU.ActiveCfg = Release|Any CPU
		{D0CCCFB7-5167-4FF7-AD77-CC89CA02AAF8}.Release|Any CPU.Build.0 = Release|Any CPU
		{9A17F1EB-B92B-4634-A353-890EB71C7A41}.Debug|Any CPU.ActiveCfg = Debug|Any CPU
		{9A17F1EB-B92B-4634-A353-890EB71C7A41}.Debug|Any CPU.Build.0 = Debug|Any CPU
		{9A17F1EB-B92B-4634-A353-890EB71C7A41}.Release|Any CPU.ActiveCfg = Release|Any CPU
		{9A17F1EB-B92B-4634-A353-890EB71C7A41}.Release|Any CPU.Build.0 = Release|Any CPU
		{3274E6C1-7F90-44F1-90BD-123A6F2F9B4D}.Debug|Any CPU.ActiveCfg = Debug|Any CPU
		{3274E6C1-7F90-44F1-90BD-123A6F2F9B4D}.Debug|Any CPU.Build.0 = Debug|Any CPU
		{3274E6C1-7F90-44F1-90BD-123A6F2F9B4D}.Release|Any CPU.ActiveCfg = Release|Any CPU
		{3274E6C1-7F90-44F1-90BD-123A6F2F9B4D}.Release|Any CPU.Build.0 = Release|Any CPU
		{8724C4B7-85A2-4149-AFE6-91CC95F28898}.Debug|Any CPU.ActiveCfg = Debug|Any CPU
		{8724C4B7-85A2-4149-AFE6-91CC95F28898}.Debug|Any CPU.Build.0 = Debug|Any CPU
		{8724C4B7-85A2-4149-AFE6-91CC95F28898}.Release|Any CPU.ActiveCfg = Release|Any CPU
		{8724C4B7-85A2-4149-AFE6-91CC95F28898}.Release|Any CPU.Build.0 = Release|Any CPU
		{225E636F-CDD9-4C9C-B195-D7A0D9A62AE1}.Debug|Any CPU.ActiveCfg = Debug|Any CPU
		{225E636F-CDD9-4C9C-B195-D7A0D9A62AE1}.Debug|Any CPU.Build.0 = Debug|Any CPU
		{225E636F-CDD9-4C9C-B195-D7A0D9A62AE1}.Release|Any CPU.ActiveCfg = Release|Any CPU
		{225E636F-CDD9-4C9C-B195-D7A0D9A62AE1}.Release|Any CPU.Build.0 = Release|Any CPU
		{6324E263-7A4A-43BF-93A3-906F6A787F17}.Debug|Any CPU.ActiveCfg = Debug|Any CPU
		{6324E263-7A4A-43BF-93A3-906F6A787F17}.Debug|Any CPU.Build.0 = Debug|Any CPU
		{6324E263-7A4A-43BF-93A3-906F6A787F17}.Release|Any CPU.ActiveCfg = Release|Any CPU
		{6324E263-7A4A-43BF-93A3-906F6A787F17}.Release|Any CPU.Build.0 = Release|Any CPU
		{FDA51F22-480A-45B9-AEFB-47D995719F47}.Debug|Any CPU.ActiveCfg = Debug|Any CPU
		{FDA51F22-480A-45B9-AEFB-47D995719F47}.Debug|Any CPU.Build.0 = Debug|Any CPU
		{FDA51F22-480A-45B9-AEFB-47D995719F47}.Release|Any CPU.ActiveCfg = Release|Any CPU
		{FDA51F22-480A-45B9-AEFB-47D995719F47}.Release|Any CPU.Build.0 = Release|Any CPU
		{5AC8C1B4-9716-4019-96A2-F0DF979ED371}.Debug|Any CPU.ActiveCfg = Debug|Any CPU
		{5AC8C1B4-9716-4019-96A2-F0DF979ED371}.Debug|Any CPU.Build.0 = Debug|Any CPU
		{5AC8C1B4-9716-4019-96A2-F0DF979ED371}.Release|Any CPU.ActiveCfg = Release|Any CPU
		{5AC8C1B4-9716-4019-96A2-F0DF979ED371}.Release|Any CPU.Build.0 = Release|Any CPU
		{C34152A9-CC1C-495E-9D25-78564AAA32DD}.Debug|Any CPU.ActiveCfg = Debug|Any CPU
		{C34152A9-CC1C-495E-9D25-78564AAA32DD}.Debug|Any CPU.Build.0 = Debug|Any CPU
		{C34152A9-CC1C-495E-9D25-78564AAA32DD}.Release|Any CPU.ActiveCfg = Release|Any CPU
		{C34152A9-CC1C-495E-9D25-78564AAA32DD}.Release|Any CPU.Build.0 = Release|Any CPU
		{E36FC6DF-57AD-44C6-9805-A48EC2317BC5}.Debug|Any CPU.ActiveCfg = Debug|Any CPU
		{E36FC6DF-57AD-44C6-9805-A48EC2317BC5}.Debug|Any CPU.Build.0 = Debug|Any CPU
		{E36FC6DF-57AD-44C6-9805-A48EC2317BC5}.Release|Any CPU.ActiveCfg = Release|Any CPU
		{E36FC6DF-57AD-44C6-9805-A48EC2317BC5}.Release|Any CPU.Build.0 = Release|Any CPU
		{EF4C7E8E-1C61-46EE-9776-45DA235407F8}.Debug|Any CPU.ActiveCfg = Debug|Any CPU
		{EF4C7E8E-1C61-46EE-9776-45DA235407F8}.Debug|Any CPU.Build.0 = Debug|Any CPU
		{EF4C7E8E-1C61-46EE-9776-45DA235407F8}.Release|Any CPU.ActiveCfg = Release|Any CPU
		{EF4C7E8E-1C61-46EE-9776-45DA235407F8}.Release|Any CPU.Build.0 = Release|Any CPU
		{AFE9CC65-32D0-4808-A3A5-2ED626B3417C}.Debug|Any CPU.ActiveCfg = Debug|Any CPU
		{AFE9CC65-32D0-4808-A3A5-2ED626B3417C}.Debug|Any CPU.Build.0 = Debug|Any CPU
		{AFE9CC65-32D0-4808-A3A5-2ED626B3417C}.Release|Any CPU.ActiveCfg = Release|Any CPU
		{AFE9CC65-32D0-4808-A3A5-2ED626B3417C}.Release|Any CPU.Build.0 = Release|Any CPU
		{719D6719-41AF-49AD-9045-41DDDD67FDF2}.Debug|Any CPU.ActiveCfg = Debug|Any CPU
		{719D6719-41AF-49AD-9045-41DDDD67FDF2}.Debug|Any CPU.Build.0 = Debug|Any CPU
		{719D6719-41AF-49AD-9045-41DDDD67FDF2}.Release|Any CPU.ActiveCfg = Release|Any CPU
		{719D6719-41AF-49AD-9045-41DDDD67FDF2}.Release|Any CPU.Build.0 = Release|Any CPU
		{62C435B8-0395-4A69-BEA0-119C629E609B}.Debug|Any CPU.ActiveCfg = Debug|Any CPU
		{62C435B8-0395-4A69-BEA0-119C629E609B}.Debug|Any CPU.Build.0 = Debug|Any CPU
		{62C435B8-0395-4A69-BEA0-119C629E609B}.Release|Any CPU.ActiveCfg = Release|Any CPU
		{62C435B8-0395-4A69-BEA0-119C629E609B}.Release|Any CPU.Build.0 = Release|Any CPU
		{6A73C851-FA44-42A4-9E59-EF33B9B500B0}.Debug|Any CPU.ActiveCfg = Debug|Any CPU
		{6A73C851-FA44-42A4-9E59-EF33B9B500B0}.Debug|Any CPU.Build.0 = Debug|Any CPU
		{6A73C851-FA44-42A4-9E59-EF33B9B500B0}.Release|Any CPU.ActiveCfg = Release|Any CPU
		{6A73C851-FA44-42A4-9E59-EF33B9B500B0}.Release|Any CPU.Build.0 = Release|Any CPU
		{8F3814C6-CF28-4B31-8881-D35DCEA30469}.Debug|Any CPU.ActiveCfg = Debug|Any CPU
		{8F3814C6-CF28-4B31-8881-D35DCEA30469}.Debug|Any CPU.Build.0 = Debug|Any CPU
		{8F3814C6-CF28-4B31-8881-D35DCEA30469}.Release|Any CPU.ActiveCfg = Release|Any CPU
		{8F3814C6-CF28-4B31-8881-D35DCEA30469}.Release|Any CPU.Build.0 = Release|Any CPU
		{26D567A5-82B3-4B8F-81F2-58C0B963894B}.Debug|Any CPU.ActiveCfg = Debug|Any CPU
		{26D567A5-82B3-4B8F-81F2-58C0B963894B}.Debug|Any CPU.Build.0 = Debug|Any CPU
		{26D567A5-82B3-4B8F-81F2-58C0B963894B}.Release|Any CPU.ActiveCfg = Release|Any CPU
		{26D567A5-82B3-4B8F-81F2-58C0B963894B}.Release|Any CPU.Build.0 = Release|Any CPU
		{A46D759F-8BAC-4A43-AE81-5D1CFD100231}.Debug|Any CPU.ActiveCfg = Debug|Any CPU
		{A46D759F-8BAC-4A43-AE81-5D1CFD100231}.Debug|Any CPU.Build.0 = Debug|Any CPU
		{A46D759F-8BAC-4A43-AE81-5D1CFD100231}.Release|Any CPU.ActiveCfg = Release|Any CPU
		{A46D759F-8BAC-4A43-AE81-5D1CFD100231}.Release|Any CPU.Build.0 = Release|Any CPU
		{AD85886F-A2F7-41BF-A2AA-57D60C57DF5B}.Debug|Any CPU.ActiveCfg = Debug|Any CPU
		{AD85886F-A2F7-41BF-A2AA-57D60C57DF5B}.Debug|Any CPU.Build.0 = Debug|Any CPU
		{AD85886F-A2F7-41BF-A2AA-57D60C57DF5B}.Release|Any CPU.ActiveCfg = Release|Any CPU
		{AD85886F-A2F7-41BF-A2AA-57D60C57DF5B}.Release|Any CPU.Build.0 = Release|Any CPU
		{9DF930E4-3CB3-4A6B-9BE0-0690B287F79F}.Debug|Any CPU.ActiveCfg = Debug|Any CPU
		{9DF930E4-3CB3-4A6B-9BE0-0690B287F79F}.Debug|Any CPU.Build.0 = Debug|Any CPU
		{9DF930E4-3CB3-4A6B-9BE0-0690B287F79F}.Release|Any CPU.ActiveCfg = Release|Any CPU
		{9DF930E4-3CB3-4A6B-9BE0-0690B287F79F}.Release|Any CPU.Build.0 = Release|Any CPU
		{825D4416-B72C-4889-A762-66B7C51BAF09}.Debug|Any CPU.ActiveCfg = Debug|Any CPU
		{825D4416-B72C-4889-A762-66B7C51BAF09}.Debug|Any CPU.Build.0 = Debug|Any CPU
		{825D4416-B72C-4889-A762-66B7C51BAF09}.Release|Any CPU.ActiveCfg = Release|Any CPU
		{825D4416-B72C-4889-A762-66B7C51BAF09}.Release|Any CPU.Build.0 = Release|Any CPU
		{6DBBED68-C9F4-4574-8F0B-BD3A0298AD67}.Debug|Any CPU.ActiveCfg = Debug|Any CPU
		{6DBBED68-C9F4-4574-8F0B-BD3A0298AD67}.Debug|Any CPU.Build.0 = Debug|Any CPU
		{6DBBED68-C9F4-4574-8F0B-BD3A0298AD67}.Release|Any CPU.ActiveCfg = Release|Any CPU
		{6DBBED68-C9F4-4574-8F0B-BD3A0298AD67}.Release|Any CPU.Build.0 = Release|Any CPU
		{E86A340E-C644-4C9D-BA36-3C75C8AC1478}.Debug|Any CPU.ActiveCfg = Debug|Any CPU
		{E86A340E-C644-4C9D-BA36-3C75C8AC1478}.Debug|Any CPU.Build.0 = Debug|Any CPU
		{E86A340E-C644-4C9D-BA36-3C75C8AC1478}.Release|Any CPU.ActiveCfg = Release|Any CPU
		{E86A340E-C644-4C9D-BA36-3C75C8AC1478}.Release|Any CPU.Build.0 = Release|Any CPU
		{DD08786B-4269-423B-9BB9-5EFCA19E1B26}.Debug|Any CPU.ActiveCfg = Debug|Any CPU
		{DD08786B-4269-423B-9BB9-5EFCA19E1B26}.Debug|Any CPU.Build.0 = Debug|Any CPU
		{DD08786B-4269-423B-9BB9-5EFCA19E1B26}.Release|Any CPU.ActiveCfg = Release|Any CPU
		{DD08786B-4269-423B-9BB9-5EFCA19E1B26}.Release|Any CPU.Build.0 = Release|Any CPU
	EndGlobalSection
	GlobalSection(SolutionProperties) = preSolution
		HideSolutionNode = FALSE
	EndGlobalSection
	GlobalSection(NestedProjects) = preSolution
		{D0CCCFB7-5167-4FF7-AD77-CC89CA02AAF8} = {1E29E3F1-2464-486D-BF61-7345DE025DA8}
		{9A17F1EB-B92B-4634-A353-890EB71C7A41} = {1E29E3F1-2464-486D-BF61-7345DE025DA8}
		{3274E6C1-7F90-44F1-90BD-123A6F2F9B4D} = {1E29E3F1-2464-486D-BF61-7345DE025DA8}
		{8724C4B7-85A2-4149-AFE6-91CC95F28898} = {09C3EEE1-BA2C-4775-88CD-936EE0C23964}
		{225E636F-CDD9-4C9C-B195-D7A0D9A62AE1} = {09C3EEE1-BA2C-4775-88CD-936EE0C23964}
		{6324E263-7A4A-43BF-93A3-906F6A787F17} = {09C3EEE1-BA2C-4775-88CD-936EE0C23964}
		{FDA51F22-480A-45B9-AEFB-47D995719F47} = {B3FAECBE-0BAE-4375-9AA5-1400BB964647}
		{5AC8C1B4-9716-4019-96A2-F0DF979ED371} = {B3FAECBE-0BAE-4375-9AA5-1400BB964647}
		{C34152A9-CC1C-495E-9D25-78564AAA32DD} = {B3FAECBE-0BAE-4375-9AA5-1400BB964647}
		{E36FC6DF-57AD-44C6-9805-A48EC2317BC5} = {C41BAE82-CA53-4D0A-92B9-529A1F5048FA}
		{EF4C7E8E-1C61-46EE-9776-45DA235407F8} = {C41BAE82-CA53-4D0A-92B9-529A1F5048FA}
		{AFE9CC65-32D0-4808-A3A5-2ED626B3417C} = {C41BAE82-CA53-4D0A-92B9-529A1F5048FA}
		{719D6719-41AF-49AD-9045-41DDDD67FDF2} = {2B7A7B6A-3E02-4D7F-876F-270031450A70}
		{62C435B8-0395-4A69-BEA0-119C629E609B} = {2B7A7B6A-3E02-4D7F-876F-270031450A70}
		{6A73C851-FA44-42A4-9E59-EF33B9B500B0} = {2B7A7B6A-3E02-4D7F-876F-270031450A70}
		{8F3814C6-CF28-4B31-8881-D35DCEA30469} = {40B6456C-97D4-4B71-BA31-0E38127BA482}
		{26D567A5-82B3-4B8F-81F2-58C0B963894B} = {40B6456C-97D4-4B71-BA31-0E38127BA482}
		{A46D759F-8BAC-4A43-AE81-5D1CFD100231} = {40B6456C-97D4-4B71-BA31-0E38127BA482}
		{AD85886F-A2F7-41BF-A2AA-57D60C57DF5B} = {424512ED-181B-4ECE-9B6C-F8A07C64D008}
		{9DF930E4-3CB3-4A6B-9BE0-0690B287F79F} = {424512ED-181B-4ECE-9B6C-F8A07C64D008}
		{825D4416-B72C-4889-A762-66B7C51BAF09} = {424512ED-181B-4ECE-9B6C-F8A07C64D008}
		{6DBBED68-C9F4-4574-8F0B-BD3A0298AD67} = {B9E784E0-570B-452D-923C-9FA95692DBA1}
		{E86A340E-C644-4C9D-BA36-3C75C8AC1478} = {B9E784E0-570B-452D-923C-9FA95692DBA1}
		{DD08786B-4269-423B-9BB9-5EFCA19E1B26} = {B9E784E0-570B-452D-923C-9FA95692DBA1}
	EndGlobalSection
	GlobalSection(ExtensibilityGlobals) = postSolution
		SolutionGuid = {3ABAF480-DE1E-454C-B13B-409CCFDAEE77}
	EndGlobalSection
EndGlobal
