
Microsoft Visual Studio Solution File, Format Version 12.00
# Visual Studio Version 16
VisualStudioVersion = 16.0.34031.81
MinimumVisualStudioVersion = 10.0.40219.1
Project("{2150E333-8FDC-42A3-9474-1A3956D46DE8}") = "Task0", "Task0", "{1E29E3F1-2464-486D-BF61-7345DE025DA8}"
EndProject
Project("{FAE04EC0-301F-11D3-BF4B-00C04F79EFBC}") = "Tyuiu.PaulikKV.Sprint3.Task0.V12.Test", "Tyuiu.PaulikKV.Sprint3.Task0.V12.Test\Tyuiu.PaulikKV.Sprint3.Task0.V12.Test.csproj", "{D0CCCFB7-5167-4FF7-AD77-CC89CA02AAF8}"
EndProject
Project("{FAE04EC0-301F-11D3-BF4B-00C04F79EFBC}") = "Tyuiu.PaulikKV.Sprint3.Task0.V12", "Tyuiu.PaulikKV.Sprint3.Task0.V12\Tyuiu.PaulikKV.Sprint3.Task0.V12.csproj", "{9A17F1EB-B92B-4634-A353-890EB71C7A41}"
EndProject
Project("{FAE04EC0-301F-11D3-BF4B-00C04F79EFBC}") = "Tyuiu.PaulikKV.Sprint3.Task0.V12.Lib", "Tyuiu.PaulikKV.Sprint3.Task0.V12.Lib\Tyuiu.PaulikKV.Sprint3.Task0.V12.Lib.csproj", "{3274E6C1-7F90-44F1-90BD-123A6F2F9B4D}"
EndProject
Project("{2150E333-8FDC-42A3-9474-1A3956D46DE8}") = "Task1", "Task1", "{09C3EEE1-BA2C-4775-88CD-936EE0C23964}"
EndProject
Project("{FAE04EC0-301F-11D3-BF4B-00C04F79EFBC}") = "Tyuiu.PaulikKV.Sprint3.Task1.V25", "Tyuiu.PaulikKV.Sprint3.Task1.V25\Tyuiu.PaulikKV.Sprint3.Task1.V25.csproj", "{8724C4B7-85A2-4149-AFE6-91CC95F28898}"
EndProject
Project("{FAE04EC0-301F-11D3-BF4B-00C04F79EFBC}") = "Tyuiu.PaulikKV.Sprint3.Task1.V25.Lib", "Tyuiu.PaulikKV.Sprint3.Task1.V25.Lib\Tyuiu.PaulikKV.Sprint3.Task1.V25.Lib.csproj", "{225E636F-CDD9-4C9C-B195-D7A0D9A62AE1}"
EndProject
Project("{FAE04EC0-301F-11D3-BF4B-00C04F79EFBC}") = "Tyuiu.PaulikKV.Sprint3.Task1.V25.Test", "Tyuiu.PaulikKV.Sprint3.Task1.V25.Test\Tyuiu.PaulikKV.Sprint3.Task1.V25.Test.csproj", "{6324E263-7A4A-43BF-93A3-906F6A787F17}"
EndProject
Global
	GlobalSection(SolutionConfigurationPlatforms) = preSolution
		Debug|Any CPU = Debug|Any CPU
		Release|Any CPU = Release|Any CPU
	EndGlobalSection
	GlobalSection(ProjectConfigurationPlatforms) = postSolution
		{D0CCCFB7-5167-4FF7-AD77-CC89CA02AAF8}.Debug|Any CPU.ActiveCfg = Debug|Any CPU
		{D0CCCFB7-5167-4FF7-AD77-CC89CA02AAF8}.Debug|Any CPU.Build.0 = Debug|Any CPU
		{D0CCCFB7-5167-4FF7-AD77-CC89CA02AAF8}.Release|Any CPU.ActiveCfg = Release|Any CPU
		{D0CCCFB7-5167-4FF7-AD77-CC89CA02AAF8}.Release|Any CPU.Build.0 = Release|Any CPU
		{9A17F1EB-B92B-4634-A353-890EB71C7A41}.Debug|Any CPU.ActiveCfg = Debug|Any CPU
		{9A17F1EB-B92B-4634-A353-890EB71C7A41}.Debug|Any CPU.Build.0 = Debug|Any CPU
		{9A17F1EB-B92B-4634-A353-890EB71C7A41}.Release|Any CPU.ActiveCfg = Release|Any CPU
		{9A17F1EB-B92B-4634-A353-890EB71C7A41}.Release|Any CPU.Build.0 = Release|Any CPU
		{3274E6C1-7F90-44F1-90BD-123A6F2F9B4D}.Debug|Any CPU.ActiveCfg = Debug|Any CPU
		{3274E6C1-7F90-44F1-90BD-123A6F2F9B4D}.Debug|Any CPU.Build.0 = Debug|Any CPU
		{3274E6C1-7F90-44F1-90BD-123A6F2F9B4D}.Release|Any CPU.ActiveCfg = Release|Any CPU
		{3274E6C1-7F90-44F1-90BD-123A6F2F9B4D}.Release|Any CPU.Build.0 = Release|Any CPU
		{8724C4B7-85A2-4149-AFE6-91CC95F28898}.Debug|Any CPU.ActiveCfg = Debug|Any CPU
		{8724C4B7-85A2-4149-AFE6-91CC95F28898}.Debug|Any CPU.Build.0 = Debug|Any CPU
		{8724C4B7-85A2-4149-AFE6-91CC95F28898}.Release|Any CPU.ActiveCfg = Release|Any CPU
		{8724C4B7-85A2-4149-AFE6-91CC95F28898}.Release|Any CPU.Build.0 = Release|Any CPU
		{225E636F-CDD9-4C9C-B195-D7A0D9A62AE1}.Debug|Any CPU.ActiveCfg = Debug|Any CPU
		{225E636F-CDD9-4C9C-B195-D7A0D9A62AE1}.Debug|Any CPU.Build.0 = Debug|Any CPU
		{225E636F-CDD9-4C9C-B195-D7A0D9A62AE1}.Release|Any CPU.ActiveCfg = Release|Any CPU
		{225E636F-CDD9-4C9C-B195-D7A0D9A62AE1}.Release|Any CPU.Build.0 = Release|Any CPU
		{6324E263-7A4A-43BF-93A3-906F6A787F17}.Debug|Any CPU.ActiveCfg = Debug|Any CPU
		{6324E263-7A4A-43BF-93A3-906F6A787F17}.Debug|Any CPU.Build.0 = Debug|Any CPU
		{6324E263-7A4A-43BF-93A3-906F6A787F17}.Release|Any CPU.ActiveCfg = Release|Any CPU
		{6324E263-7A4A-43BF-93A3-906F6A787F17}.Release|Any CPU.Build.0 = Release|Any CPU
	EndGlobalSection
	GlobalSection(SolutionProperties) = preSolution
		HideSolutionNode = FALSE
	EndGlobalSection
	GlobalSection(NestedProjects) = preSolution
		{D0CCCFB7-5167-4FF7-AD77-CC89CA02AAF8} = {1E29E3F1-2464-486D-BF61-7345DE025DA8}
		{9A17F1EB-B92B-4634-A353-890EB71C7A41} = {1E29E3F1-2464-486D-BF61-7345DE025DA8}
		{3274E6C1-7F90-44F1-90BD-123A6F2F9B4D} = {1E29E3F1-2464-486D-BF61-7345DE025DA8}
		{8724C4B7-85A2-4149-AFE6-91CC95F28898} = {09C3EEE1-BA2C-4775-88CD-936EE0C23964}
		{225E636F-CDD9-4C9C-B195-D7A0D9A62AE1} = {09C3EEE1-BA2C-4775-88CD-936EE0C23964}
		{6324E263-7A4A-43BF-93A3-906F6A787F17} = {09C3EEE1-BA2C-4775-88CD-936EE0C23964}
	EndGlobalSection
	GlobalSection(ExtensibilityGlobals) = postSolution
		SolutionGuid = {3ABAF480-DE1E-454C-B13B-409CCFDAEE77}
	EndGlobalSection
EndGlobal
